{
  "name": "task",
  "version": "1.0.0",
  "lockfileVersion": 3,
  "requires": true,
  "packages": {
    "": {
      "name": "task",
      "version": "1.0.0",
      "license": "ISC",
      "dependencies": {
        "ansi-regex": "^4.1.1",
        "fs": "^0.0.1-security",
        "promises": "^0.2.5",
        "prompt-sync": "^4.2.0",
        "strip-ansi": "^5.2.0"
      },
      "devDependencies": {}
    },
    "node_modules/ansi-regex": {
      "version": "4.1.1",
      "license": "MIT",
      "engines": {
        "node": ">=6"
      }
    },
    "node_modules/fs": {
      "version": "0.0.1-security",
      "resolved": "https://registry.npmjs.org/fs/-/fs-0.0.1-security.tgz",
      "integrity": "sha512-3XY9e1pP0CVEUCdj5BmfIZxRBTSDycnbqhIOGec9QYtmVH2fbLpj86CFWkrNOkt/Fvty4KZG5lTglL9j/gJ87w==",
      "license": "ISC"
    },
    "node_modules/promises": {
      "version": "0.2.5",
      "resolved": "https://registry.npmjs.org/promises/-/promises-0.2.5.tgz",
      "integrity": "sha512-KHTer6YK1+aD2AcLiRuE3/ilZzw1UoX8v6DuTlDdF0oc5uOZlyWA+x2JwaO0bPB+E/JiRiUQmjfuNXiWlVD2tQ=="
    },
    "node_modules/prompt-sync": {
      "version": "4.2.0",
      "license": "MIT",
      "dependencies": {
        "strip-ansi": "^5.0.0"
      }
    },
    "node_modules/strip-ansi": {
      "version": "5.2.0",
      "license": "MIT",
      "dependencies": {
        "ansi-regex": "^4.1.0"
      },
      "engines": {
        "node": ">=6"
      }
    }
  }
}
